
Microsoft Visual Studio Solution File, Format Version 12.00
# Visual Studio Version 17
VisualStudioVersion = 17.3.32901.215
MinimumVisualStudioVersion = 10.0.40219.1
Project("{FAE04EC0-301F-11D3-BF4B-00C04F79EFBC}") = "MBusTransparentLinkSSM", "MBusTransparentLinkSSM\MBusTransparentLinkSSM.csproj", "{7F717425-9733-430A-9554-B5F49CFC3F41}"
EndProject
Project("{FAE04EC0-301F-11D3-BF4B-00C04F79EFBC}") = "MBusSSM", "MBusSSM\MBusSSM.csproj", "{8DC5E789-6366-4319-8CFC-A9B741269C57}"
EndProject
Global
	GlobalSection(SolutionConfigurationPlatforms) = preSolution
		Debug|Any CPU = Debug|Any CPU
		Release|Any CPU = Release|Any CPU
	EndGlobalSection
	GlobalSection(ProjectConfigurationPlatforms) = postSolution
		{7F717425-9733-430A-9554-B5F49CFC3F41}.Debug|Any CPU.ActiveCfg = Debug|Any CPU
		{7F717425-9733-430A-9554-B5F49CFC3F41}.Debug|Any CPU.Build.0 = Debug|Any CPU
		{7F717425-9733-430A-9554-B5F49CFC3F41}.Release|Any CPU.ActiveCfg = Release|Any CPU
		{7F717425-9733-430A-9554-B5F49CFC3F41}.Release|Any CPU.Build.0 = Release|Any CPU
		{8DC5E789-6366-4319-8CFC-A9B741269C57}.Debug|Any CPU.ActiveCfg = Debug|Any CPU
		{8DC5E789-6366-4319-8CFC-A9B741269C57}.Debug|Any CPU.Build.0 = Debug|Any CPU
		{8DC5E789-6366-4319-8CFC-A9B741269C57}.Release|Any CPU.ActiveCfg = Release|Any CPU
		{8DC5E789-6366-4319-8CFC-A9B741269C57}.Release|Any CPU.Build.0 = Release|Any CPU
	EndGlobalSection
	GlobalSection(SolutionProperties) = preSolution
		HideSolutionNode = FALSE
	EndGlobalSection
	GlobalSection(ExtensibilityGlobals) = postSolution
		SolutionGuid = {48A2257A-6E1F-4F31-810B-AA95EB3739B9}
	EndGlobalSection
EndGlobal
